
Microsoft Visual Studio Solution File, Format Version 12.00
# Visual Studio 15
VisualStudioVersion = 15.0.27428.1
MinimumVisualStudioVersion = 10.0.40219.1
Project("{9A19103F-16F7-4668-BE54-9A1E7A4F7556}") = "TheaThePhotographer", "TheaThePhotographer\TheaThePhotographer.csproj", "{66BBB6A5-4577-43FD-A823-1EA4C7067E6D}"
EndProject
Project("{9A19103F-16F7-4668-BE54-9A1E7A4F7556}") = "TrophonTheGrumpyCat", "TrophonTheGrumpyCat\TrophonTheGrumpyCat.csproj", "{97325B5A-898C-43DE-9DBC-91A921BDBD7F}"
EndProject
Project("{9A19103F-16F7-4668-BE54-9A1E7A4F7556}") = "Test", "Test\Test.csproj", "{85710FC8-DDB8-4D24-A9C2-9C7DD965ECFE}"
EndProject
Project("{9A19103F-16F7-4668-BE54-9A1E7A4F7556}") = "Files", "Files\Files.csproj", "{064FDCBD-2A33-4201-A2F4-E2D6D5E1375D}"
EndProject
Project("{9A19103F-16F7-4668-BE54-9A1E7A4F7556}") = "Portal", "Portal\Portal.csproj", "{7E98EB5B-B100-49C8-9408-50EBD24132BD}"
EndProject
Project("{9A19103F-16F7-4668-BE54-9A1E7A4F7556}") = "Test1", "Test1\Test1.csproj", "{67989B6B-2E27-4BBF-BE7E-D2E8127A5BDD}"
EndProject
Project("{FAE04EC0-301F-11D3-BF4B-00C04F79EFBC}") = "Portal1", "Portal1\Portal1.csproj", "{0251A37F-C2E0-4941-8CEC-C8418479DB5F}"
EndProject
Project("{FAE04EC0-301F-11D3-BF4B-00C04F79EFBC}") = "Portal12", "Portal12\Portal12.csproj", "{F2C4BBD1-772B-4118-9AB8-65090C94635A}"
EndProject
Global
	GlobalSection(SolutionConfigurationPlatforms) = preSolution
		Debug|Any CPU = Debug|Any CPU
		Release|Any CPU = Release|Any CPU
	EndGlobalSection
	GlobalSection(ProjectConfigurationPlatforms) = postSolution
		{66BBB6A5-4577-43FD-A823-1EA4C7067E6D}.Debug|Any CPU.ActiveCfg = Debug|Any CPU
		{66BBB6A5-4577-43FD-A823-1EA4C7067E6D}.Debug|Any CPU.Build.0 = Debug|Any CPU
		{66BBB6A5-4577-43FD-A823-1EA4C7067E6D}.Release|Any CPU.ActiveCfg = Release|Any CPU
		{66BBB6A5-4577-43FD-A823-1EA4C7067E6D}.Release|Any CPU.Build.0 = Release|Any CPU
		{97325B5A-898C-43DE-9DBC-91A921BDBD7F}.Debug|Any CPU.ActiveCfg = Debug|Any CPU
		{97325B5A-898C-43DE-9DBC-91A921BDBD7F}.Debug|Any CPU.Build.0 = Debug|Any CPU
		{97325B5A-898C-43DE-9DBC-91A921BDBD7F}.Release|Any CPU.ActiveCfg = Release|Any CPU
		{97325B5A-898C-43DE-9DBC-91A921BDBD7F}.Release|Any CPU.Build.0 = Release|Any CPU
		{85710FC8-DDB8-4D24-A9C2-9C7DD965ECFE}.Debug|Any CPU.ActiveCfg = Debug|Any CPU
		{85710FC8-DDB8-4D24-A9C2-9C7DD965ECFE}.Debug|Any CPU.Build.0 = Debug|Any CPU
		{85710FC8-DDB8-4D24-A9C2-9C7DD965ECFE}.Release|Any CPU.ActiveCfg = Release|Any CPU
		{85710FC8-DDB8-4D24-A9C2-9C7DD965ECFE}.Release|Any CPU.Build.0 = Release|Any CPU
		{064FDCBD-2A33-4201-A2F4-E2D6D5E1375D}.Debug|Any CPU.ActiveCfg = Debug|Any CPU
		{064FDCBD-2A33-4201-A2F4-E2D6D5E1375D}.Debug|Any CPU.Build.0 = Debug|Any CPU
		{064FDCBD-2A33-4201-A2F4-E2D6D5E1375D}.Release|Any CPU.ActiveCfg = Release|Any CPU
		{064FDCBD-2A33-4201-A2F4-E2D6D5E1375D}.Release|Any CPU.Build.0 = Release|Any CPU
		{7E98EB5B-B100-49C8-9408-50EBD24132BD}.Debug|Any CPU.ActiveCfg = Debug|Any CPU
		{7E98EB5B-B100-49C8-9408-50EBD24132BD}.Debug|Any CPU.Build.0 = Debug|Any CPU
		{7E98EB5B-B100-49C8-9408-50EBD24132BD}.Release|Any CPU.ActiveCfg = Release|Any CPU
		{7E98EB5B-B100-49C8-9408-50EBD24132BD}.Release|Any CPU.Build.0 = Release|Any CPU
		{67989B6B-2E27-4BBF-BE7E-D2E8127A5BDD}.Debug|Any CPU.ActiveCfg = Debug|Any CPU
		{67989B6B-2E27-4BBF-BE7E-D2E8127A5BDD}.Debug|Any CPU.Build.0 = Debug|Any CPU
		{67989B6B-2E27-4BBF-BE7E-D2E8127A5BDD}.Release|Any CPU.ActiveCfg = Release|Any CPU
		{67989B6B-2E27-4BBF-BE7E-D2E8127A5BDD}.Release|Any CPU.Build.0 = Release|Any CPU
		{0251A37F-C2E0-4941-8CEC-C8418479DB5F}.Debug|Any CPU.ActiveCfg = Debug|Any CPU
		{0251A37F-C2E0-4941-8CEC-C8418479DB5F}.Debug|Any CPU.Build.0 = Debug|Any CPU
		{0251A37F-C2E0-4941-8CEC-C8418479DB5F}.Release|Any CPU.ActiveCfg = Release|Any CPU
		{0251A37F-C2E0-4941-8CEC-C8418479DB5F}.Release|Any CPU.Build.0 = Release|Any CPU
		{F2C4BBD1-772B-4118-9AB8-65090C94635A}.Debug|Any CPU.ActiveCfg = Debug|Any CPU
		{F2C4BBD1-772B-4118-9AB8-65090C94635A}.Debug|Any CPU.Build.0 = Debug|Any CPU
		{F2C4BBD1-772B-4118-9AB8-65090C94635A}.Release|Any CPU.ActiveCfg = Release|Any CPU
		{F2C4BBD1-772B-4118-9AB8-65090C94635A}.Release|Any CPU.Build.0 = Release|Any CPU
	EndGlobalSection
	GlobalSection(SolutionProperties) = preSolution
		HideSolutionNode = FALSE
	EndGlobalSection
	GlobalSection(ExtensibilityGlobals) = postSolution
		SolutionGuid = {D386300A-4F52-419F-9508-9C35A94ED656}
	EndGlobalSection
EndGlobal
